
Microsoft Visual Studio Solution File, Format Version 12.00
# Visual Studio Version 17
VisualStudioVersion = 17.6.33829.357
MinimumVisualStudioVersion = 10.0.40219.1
Project("{FAE04EC0-301F-11D3-BF4B-00C04F79EFBC}") = "E-Signature", "E-Signature\E-Signature.csproj", "{95FB24C0-0E18-4FA1-B24B-CECCEB34D58C}"
EndProject
Global
	GlobalSection(SolutionConfigurationPlatforms) = preSolution
		Debug|Any CPU = Debug|Any CPU
		Release|Any CPU = Release|Any CPU
	EndGlobalSection
	GlobalSection(ProjectConfigurationPlatforms) = postSolution
		{95FB24C0-0E18-4FA1-B24B-CECCEB34D58C}.Debug|Any CPU.ActiveCfg = Debug|Any CPU
		{95FB24C0-0E18-4FA1-B24B-CECCEB34D58C}.Debug|Any CPU.Build.0 = Debug|Any CPU
		{95FB24C0-0E18-4FA1-B24B-CECCEB34D58C}.Release|Any CPU.ActiveCfg = Release|Any CPU
		{95FB24C0-0E18-4FA1-B24B-CECCEB34D58C}.Release|Any CPU.Build.0 = Release|Any CPU
	EndGlobalSection
	GlobalSection(SolutionProperties) = preSolution
		HideSolutionNode = FALSE
	EndGlobalSection
	GlobalSection(ExtensibilityGlobals) = postSolution
		SolutionGuid = {C869FA66-A665-468B-8367-C150150B926F}
	EndGlobalSection
EndGlobal
